
Microsoft Visual Studio Solution File, Format Version 12.00
# Visual Studio Version 16
VisualStudioVersion = 16.0.31005.135
MinimumVisualStudioVersion = 10.0.40219.1
Project("{FAE04EC0-301F-11D3-BF4B-00C04F79EFBC}") = "Завдання2", "Завдання2\Завдання2.csproj", "{1844B3F0-09B0-4833-8A50-230BFC6991CB}"
EndProject
Global
	GlobalSection(SolutionConfigurationPlatforms) = preSolution
		Debug|Any CPU = Debug|Any CPU
		Release|Any CPU = Release|Any CPU
	EndGlobalSection
	GlobalSection(ProjectConfigurationPlatforms) = postSolution
		{1844B3F0-09B0-4833-8A50-230BFC6991CB}.Debug|Any CPU.ActiveCfg = Debug|Any CPU
		{1844B3F0-09B0-4833-8A50-230BFC6991CB}.Debug|Any CPU.Build.0 = Debug|Any CPU
		{1844B3F0-09B0-4833-8A50-230BFC6991CB}.Release|Any CPU.ActiveCfg = Release|Any CPU
		{1844B3F0-09B0-4833-8A50-230BFC6991CB}.Release|Any CPU.Build.0 = Release|Any CPU
	EndGlobalSection
	GlobalSection(SolutionProperties) = preSolution
		HideSolutionNode = FALSE
	EndGlobalSection
	GlobalSection(ExtensibilityGlobals) = postSolution
		SolutionGuid = {6BB48EC8-7031-4EAB-B61C-F5F90B27D808}
	EndGlobalSection
EndGlobal
